[[package]]
name = "alabaster"
version = "0.7.12"
description = "A configurable sidebar-enabled Sphinx theme"
category = "dev"
optional = false
python-versions = "*"

[[package]]
name = "appnope"
version = "0.1.3"
description = "Disable App Nap on macOS >= 10.9"
category = "dev"
optional = false
python-versions = "*"

[[package]]
name = "argh"
version = "0.26.2"
description = "An unobtrusive argparse wrapper with natural syntax"
category = "dev"
optional = false
python-versions = "*"

[[package]]
name = "arrow"
version = "1.2.2"
description = "Better dates & times for Python"
category = "dev"
optional = false
python-versions = ">=3.6"

[package.dependencies]
python-dateutil = ">=2.7.0"

[[package]]
name = "asttokens"
version = "2.0.5"
description = "Annotate AST trees with source code positions"
category = "dev"
optional = false
python-versions = "*"

[package.dependencies]
six = "*"

[package.extras]
test = ["astroid", "pytest"]

[[package]]
name = "atomicwrites"
version = "1.4.1"
description = "Atomic file writes."
category = "dev"
optional = false
python-versions = ">=2.7, !=3.0.*, !=3.1.*, !=3.2.*, !=3.3.*"

[[package]]
name = "attrs"
version = "21.4.0"
description = "Classes Without Boilerplate"
category = "dev"
optional = false
python-versions = ">=2.7, !=3.0.*, !=3.1.*, !=3.2.*, !=3.3.*, !=3.4.*"

[package.extras]
dev = ["coverage[toml] (>=5.0.2)", "hypothesis", "pympler", "pytest (>=4.3.0)", "six", "mypy", "pytest-mypy-plugins", "zope.interface", "furo", "sphinx", "sphinx-notfound-page", "pre-commit", "cloudpickle"]
docs = ["furo", "sphinx", "zope.interface", "sphinx-notfound-page"]
tests = ["coverage[toml] (>=5.0.2)", "hypothesis", "pympler", "pytest (>=4.3.0)", "six", "mypy", "pytest-mypy-plugins", "zope.interface", "cloudpickle"]
tests_no_zope = ["coverage[toml] (>=5.0.2)", "hypothesis", "pympler", "pytest (>=4.3.0)", "six", "mypy", "pytest-mypy-plugins", "cloudpickle"]

[[package]]
name = "babel"
version = "2.10.3"
description = "Internationalization utilities"
category = "dev"
optional = false
python-versions = ">=3.6"

[package.dependencies]
pytz = ">=2015.7"

[[package]]
name = "backcall"
version = "0.2.0"
description = "Specifications for callback functions passed in to an API"
category = "dev"
optional = false
python-versions = "*"

[[package]]
name = "binaryornot"
version = "0.4.4"
description = "Ultra-lightweight pure Python package to check if a file is binary or text."
category = "dev"
optional = false
python-versions = "*"

[package.dependencies]
chardet = ">=3.0.2"

[[package]]
name = "bleach"
version = "5.0.1"
description = "An easy safelist-based HTML-sanitizing tool."
category = "dev"
optional = false
python-versions = ">=3.7"

[package.dependencies]
six = ">=1.9.0"
webencodings = "*"

[package.extras]
css = ["tinycss2 (>=1.1.0,<1.2)"]
dev = ["build (==0.8.0)", "flake8 (==4.0.1)", "hashin (==0.17.0)", "pip-tools (==6.6.2)", "pytest (==7.1.2)", "Sphinx (==4.3.2)", "tox (==3.25.0)", "twine (==4.0.1)", "wheel (==0.37.1)", "black (==22.3.0)", "mypy (==0.961)"]

[[package]]
name = "bump2version"
version = "0.5.11"
description = "Version-bump your software with a single command!"
category = "dev"
optional = false
python-versions = ">=2.7, !=3.0.*, !=3.1.*, !=3.2.*, !=3.3.*, !=3.4.*"

[[package]]
name = "certifi"
version = "2022.6.15"
description = "Python package for providing Mozilla's CA Bundle."
category = "main"
optional = false
python-versions = ">=3.6"

[[package]]
name = "cffi"
version = "1.15.1"
description = "Foreign Function Interface for Python calling C code."
category = "dev"
optional = false
python-versions = "*"

[package.dependencies]
pycparser = "*"

[[package]]
name = "chardet"
version = "5.0.0"
description = "Universal encoding detector for Python 3"
category = "dev"
optional = false
python-versions = ">=3.6"

[[package]]
name = "charset-normalizer"
version = "2.1.0"
description = "The Real First Universal Charset Detector. Open, modern and actively maintained alternative to Chardet."
category = "main"
optional = false
python-versions = ">=3.6.0"

[package.extras]
unicode_backport = ["unicodedata2"]

[[package]]
name = "click"
version = "8.1.3"
description = "Composable command line interface toolkit"
category = "dev"
optional = false
python-versions = ">=3.7"

[package.dependencies]
colorama = {version = "*", markers = "platform_system == \"Windows\""}

[[package]]
name = "colorama"
version = "0.4.5"
description = "Cross-platform colored terminal text."
category = "dev"
optional = false
python-versions = ">=2.7, !=3.0.*, !=3.1.*, !=3.2.*, !=3.3.*, !=3.4.*"

[[package]]
name = "cookiecutter"
version = "2.1.1"
description = "A command-line utility that creates projects from project templates, e.g. creating a Python package project from a Python package project template."
category = "dev"
optional = false
python-versions = ">=3.7"

[package.dependencies]
binaryornot = ">=0.4.4"
click = ">=7.0,<9.0.0"
Jinja2 = ">=2.7,<4.0.0"
jinja2-time = ">=0.2.0"
python-slugify = ">=4.0.0"
pyyaml = ">=5.3.1"
requests = ">=2.23.0"

[[package]]
name = "coverage"
version = "4.5.4"
description = "Code coverage measurement for Python"
category = "dev"
optional = false
python-versions = ">=2.6, !=3.0.*, !=3.1.*, !=3.2.*, <4"

[[package]]
name = "cython"
version = "0.29.30"
description = "The Cython compiler for writing C extensions for the Python language."
category = "dev"
optional = false
python-versions = ">=2.6, !=3.0.*, !=3.1.*, !=3.2.*"

[[package]]
name = "debugpy"
version = "1.6.2"
description = "An implementation of the Debug Adapter Protocol for Python"
category = "dev"
optional = false
python-versions = ">=3.7"

[[package]]
name = "decorator"
version = "5.1.1"
description = "Decorators for Humans"
category = "dev"
optional = false
python-versions = ">=3.5"

[[package]]
name = "distlib"
version = "0.3.4"
description = "Distribution utilities"
category = "dev"
optional = false
python-versions = "*"

[[package]]
name = "docopt"
version = "0.6.2"
description = "Pythonic argument parser, that will make you smile"
category = "dev"
optional = false
python-versions = "*"

[[package]]
name = "docutils"
version = "0.17.1"
description = "Docutils -- Python Documentation Utilities"
category = "main"
optional = false
python-versions = ">=2.7, !=3.0.*, !=3.1.*, !=3.2.*, !=3.3.*, !=3.4.*"

[[package]]
name = "entrypoints"
version = "0.4"
description = "Discover and load entry points from installed packages."
category = "dev"
optional = false
python-versions = ">=3.6"

[[package]]
name = "executing"
version = "0.8.3"
description = "Get the currently executing AST node of a frame, and other information"
category = "dev"
optional = false
python-versions = "*"

[[package]]
name = "ffpyplayer"
version = "4.3.5"
description = "A cython implementation of an ffmpeg based player."
category = "main"
optional = false
python-versions = "*"

[[package]]
name = "filelock"
version = "3.7.1"
description = "A platform independent file lock."
category = "dev"
optional = false
python-versions = ">=3.7"

[package.extras]
docs = ["furo (>=2021.8.17b43)", "sphinx (>=4.1)", "sphinx-autodoc-typehints (>=1.12)"]
testing = ["covdefaults (>=1.2.0)", "coverage (>=4)", "pytest (>=4)", "pytest-cov", "pytest-timeout (>=1.4.2)"]

[[package]]
name = "flake8"
version = "3.9.2"
description = "the modular source code checker: pep8 pyflakes and co"
category = "dev"
optional = false
python-versions = "!=3.0.*,!=3.1.*,!=3.2.*,!=3.3.*,!=3.4.*,>=2.7"

[package.dependencies]
mccabe = ">=0.6.0,<0.7.0"
pycodestyle = ">=2.7.0,<2.8.0"
pyflakes = ">=2.3.0,<2.4.0"

[[package]]
name = "idna"
version = "3.3"
description = "Internationalized Domain Names in Applications (IDNA)"
category = "main"
optional = false
python-versions = ">=3.5"

[[package]]
name = "imagesize"
version = "1.4.1"
description = "Getting image size from png/jpeg/jpeg2000/gif file"
category = "dev"
optional = false
python-versions = ">=2.7, !=3.0.*, !=3.1.*, !=3.2.*, !=3.3.*"

[[package]]
name = "ipykernel"
version = "6.15.1"
description = "IPython Kernel for Jupyter"
category = "dev"
optional = false
python-versions = ">=3.7"

[package.dependencies]
appnope = {version = "*", markers = "platform_system == \"Darwin\""}
debugpy = ">=1.0"
ipython = ">=7.23.1"
jupyter-client = ">=6.1.12"
matplotlib-inline = ">=0.1"
nest-asyncio = "*"
packaging = "*"
psutil = "*"
pyzmq = ">=17"
tornado = ">=6.1"
traitlets = ">=5.1.0"

[package.extras]
test = ["flaky", "ipyparallel", "pre-commit", "pytest-cov", "pytest-timeout", "pytest (>=6.0)"]

[[package]]
name = "ipython"
version = "8.4.0"
description = "IPython: Productive Interactive Computing"
category = "dev"
optional = false
python-versions = ">=3.8"

[package.dependencies]
appnope = {version = "*", markers = "sys_platform == \"darwin\""}
backcall = "*"
colorama = {version = "*", markers = "sys_platform == \"win32\""}
decorator = "*"
jedi = ">=0.16"
matplotlib-inline = "*"
pexpect = {version = ">4.3", markers = "sys_platform != \"win32\""}
pickleshare = "*"
prompt-toolkit = ">=2.0.0,<3.0.0 || >3.0.0,<3.0.1 || >3.0.1,<3.1.0"
pygments = ">=2.4.0"
stack-data = "*"
traitlets = ">=5"

[package.extras]
all = ["black", "Sphinx (>=1.3)", "ipykernel", "nbconvert", "nbformat", "ipywidgets", "notebook", "ipyparallel", "qtconsole", "pytest (<7.1)", "pytest-asyncio", "testpath", "curio", "matplotlib (!=3.2.0)", "numpy (>=1.19)", "pandas", "trio"]
black = ["black"]
doc = ["Sphinx (>=1.3)"]
kernel = ["ipykernel"]
nbconvert = ["nbconvert"]
nbformat = ["nbformat"]
notebook = ["ipywidgets", "notebook"]
parallel = ["ipyparallel"]
qtconsole = ["qtconsole"]
test = ["pytest (<7.1)", "pytest-asyncio", "testpath"]
test_extra = ["pytest (<7.1)", "pytest-asyncio", "testpath", "curio", "matplotlib (!=3.2.0)", "nbformat", "numpy (>=1.19)", "pandas", "trio"]

[[package]]
name = "jedi"
version = "0.18.1"
description = "An autocompletion tool for Python that can be used for text editors."
category = "dev"
optional = false
python-versions = ">=3.6"

[package.dependencies]
parso = ">=0.8.0,<0.9.0"

[package.extras]
qa = ["flake8 (==3.8.3)", "mypy (==0.782)"]
testing = ["Django (<3.1)", "colorama", "docopt", "pytest (<7.0.0)"]

[[package]]
name = "jinja2"
version = "3.1.2"
description = "A very fast and expressive template engine."
category = "dev"
optional = false
python-versions = ">=3.7"

[package.dependencies]
MarkupSafe = ">=2.0"

[package.extras]
i18n = ["Babel (>=2.7)"]

[[package]]
name = "jinja2-time"
version = "0.2.0"
description = "Jinja2 Extension for Dates and Times"
category = "dev"
optional = false
python-versions = "*"

[package.dependencies]
arrow = "*"
jinja2 = "*"

[[package]]
name = "joblib"
version = "1.1.0"
description = "Lightweight pipelining with Python functions"
category = "dev"
optional = false
python-versions = ">=3.6"

[[package]]
name = "jupyter-client"
version = "7.3.4"
description = "Jupyter protocol implementation and client libraries"
category = "dev"
optional = false
python-versions = ">=3.7"

[package.dependencies]
entrypoints = "*"
jupyter-core = ">=4.9.2"
nest-asyncio = ">=1.5.4"
python-dateutil = ">=2.8.2"
pyzmq = ">=23.0"
tornado = ">=6.0"
traitlets = "*"

[package.extras]
doc = ["ipykernel", "myst-parser", "sphinx-rtd-theme", "sphinx (>=1.3.6)", "sphinxcontrib-github-alt"]
test = ["codecov", "coverage", "ipykernel (>=6.5)", "ipython", "mypy", "pre-commit", "pytest", "pytest-asyncio (>=0.18)", "pytest-cov", "pytest-timeout"]

[[package]]
name = "jupyter-core"
version = "4.11.1"
description = "Jupyter core package. A base package on which Jupyter projects rely."
category = "dev"
optional = false
python-versions = ">=3.7"

[package.dependencies]
pywin32 = {version = ">=1.0", markers = "sys_platform == \"win32\" and platform_python_implementation != \"PyPy\""}
traitlets = "*"

[package.extras]
test = ["ipykernel", "pre-commit", "pytest", "pytest-cov", "pytest-timeout"]

[[package]]
name = "kivy"
version = "2.1.0"
description = "A software library for rapid development of hardware-accelerated multitouch applications."
category = "main"
optional = false
python-versions = ">=3.7"

[package.dependencies]
docutils = "*"
"kivy-deps.angle" = {version = ">=0.3.2,<0.4.0", markers = "sys_platform == \"win32\""}
"kivy-deps.glew" = {version = ">=0.3.1,<0.4.0", markers = "sys_platform == \"win32\""}
"kivy-deps.sdl2" = {version = ">=0.4.5,<0.5.0", markers = "sys_platform == \"win32\""}
Kivy-Garden = ">=0.1.4"
pygments = "*"
pypiwin32 = {version = "*", markers = "sys_platform == \"win32\""}

[package.extras]
angle = ["kivy-deps.angle (>=0.3.2,<0.4.0)"]
base = ["pillow", "docutils", "pygments", "kivy-deps.angle (>=0.3.2,<0.4.0)", "kivy-deps.sdl2 (>=0.4.5,<0.5.0)", "kivy-deps.glew (>=0.3.1,<0.4.0)", "pypiwin32"]
dev = ["pytest (>=3.6)", "pytest-cov", "pytest-asyncio (!=0.11.0)", "pytest-timeout", "pytest-benchmark", "pyinstaller", "sphinx", "sphinxcontrib-blockdiag", "sphinxcontrib-seqdiag", "sphinxcontrib-actdiag", "sphinxcontrib-nwdiag", "funcparserlib (==1.0.0a0)", "flake8", "pre-commit", "kivy-deps.gstreamer-dev (>=0.3.3,<0.4.0)", "kivy-deps.sdl2-dev (>=0.4.5,<0.5.0)", "kivy-deps.glew-dev (>=0.3.1,<0.4.0)"]
full = ["pillow", "docutils", "pygments", "ffpyplayer", "kivy-deps.gstreamer (>=0.3.3,<0.4.0)", "kivy-deps.angle (>=0.3.2,<0.4.0)", "kivy-deps.sdl2 (>=0.4.5,<0.5.0)", "kivy-deps.glew (>=0.3.1,<0.4.0)", "pypiwin32"]
glew = ["kivy-deps.glew (>=0.3.1,<0.4.0)"]
gstreamer = ["kivy-deps.gstreamer (>=0.3.3,<0.4.0)"]
media = ["ffpyplayer", "kivy-deps.gstreamer (>=0.3.3,<0.4.0)"]
sdl2 = ["kivy-deps.sdl2 (>=0.4.5,<0.5.0)"]
tuio = ["oscpy"]

[[package]]
name = "kivy-deps.angle"
version = "0.3.2"
description = "Repackaged binary dependency of Kivy."
category = "main"
optional = false
python-versions = "*"

[[package]]
name = "kivy-deps.glew"
version = "0.3.1"
description = "Repackaged binary dependency of Kivy."
category = "main"
optional = false
python-versions = "*"

[[package]]
name = "kivy-deps.sdl2"
version = "0.4.5"
description = "Repackaged binary dependency of Kivy."
category = "main"
optional = false
python-versions = "*"

[[package]]
name = "kivy-garden"
version = "0.1.5"
description = ""
category = "main"
optional = false
python-versions = "*"

[package.dependencies]
requests = "*"

[[package]]
name = "kivy-ios"
version = "1.3.0"
description = "Kivy for iOS"
category = "dev"
optional = false
python-versions = "*"

[package.dependencies]
cookiecutter = "*"
Cython = "*"
pbxproj = "*"
Pillow = "*"
requests = "*"
sh = "*"

[[package]]
name = "markupsafe"
version = "2.1.1"
description = "Safely add untrusted strings to HTML/XML markup."
category = "dev"
optional = false
python-versions = ">=3.7"

[[package]]
name = "matplotlib-inline"
version = "0.1.3"
description = "Inline Matplotlib backend for Jupyter"
category = "dev"
optional = false
python-versions = ">=3.5"

[package.dependencies]
traitlets = "*"

[[package]]
name = "mccabe"
version = "0.6.1"
description = "McCabe checker, plugin for flake8"
category = "dev"
optional = false
python-versions = "*"

[[package]]
name = "more-itertools"
version = "8.13.0"
description = "More routines for operating on iterables, beyond itertools"
category = "dev"
optional = false
python-versions = ">=3.5"

[[package]]
name = "nest-asyncio"
version = "1.5.5"
description = "Patch asyncio to allow nested event loops"
category = "dev"
optional = false
python-versions = ">=3.5"

[[package]]
name = "nltk"
version = "3.7"
description = "Natural Language Toolkit"
category = "dev"
optional = false
python-versions = ">=3.7"

[package.dependencies]
click = "*"
joblib = "*"
regex = ">=2021.8.3"
tqdm = "*"

[package.extras]
all = ["numpy", "pyparsing", "scipy", "matplotlib", "twython", "requests", "scikit-learn", "python-crfsuite"]
corenlp = ["requests"]
machine_learning = ["numpy", "python-crfsuite", "scikit-learn", "scipy"]
plot = ["matplotlib"]
tgrep = ["pyparsing"]
twitter = ["twython"]

[[package]]
name = "numpy"
version = "1.23.1"
description = "NumPy is the fundamental package for array computing with Python."
category = "dev"
optional = false
python-versions = ">=3.8"

[[package]]
name = "openstep-parser"
version = "1.5.3"
description = "OpenStep plist reader into python objects"
category = "dev"
optional = false
python-versions = "*"

[[package]]
name = "packaging"
version = "21.3"
description = "Core utilities for Python packages"
category = "dev"
optional = false
python-versions = ">=3.6"

[package.dependencies]
pyparsing = ">=2.0.2,<3.0.5 || >3.0.5"

[[package]]
name = "pandas"
version = "1.4.3"
description = "Powerful data structures for data analysis, time series, and statistics"
category = "dev"
optional = false
python-versions = ">=3.8"

[package.dependencies]
numpy = [
    {version = ">=1.18.5", markers = "platform_machine != \"aarch64\" and platform_machine != \"arm64\" and python_version < \"3.10\""},
    {version = ">=1.19.2", markers = "platform_machine == \"aarch64\" and python_version < \"3.10\""},
    {version = ">=1.20.0", markers = "platform_machine == \"arm64\" and python_version < \"3.10\""},
    {version = ">=1.21.0", markers = "python_version >= \"3.10\""},
]
python-dateutil = ">=2.8.1"
pytz = ">=2020.1"

[package.extras]
test = ["hypothesis (>=5.5.3)", "pytest (>=6.0)", "pytest-xdist (>=1.31)"]

[[package]]
name = "parso"
version = "0.8.3"
description = "A Python Parser"
category = "dev"
optional = false
python-versions = ">=3.6"

[package.extras]
qa = ["flake8 (==3.8.3)", "mypy (==0.782)"]
testing = ["docopt", "pytest (<6.0.0)"]

[[package]]
name = "pathtools"
version = "0.1.2"
description = "File system general utilities"
category = "dev"
optional = false
python-versions = "*"

[[package]]
name = "pbxproj"
version = "3.4.0"
description = "XCode Project manipulation library for Python"
category = "dev"
optional = false
python-versions = ">=3.6"

[package.dependencies]
docopt = "*"
openstep-parser = ">=1.5.1"

[[package]]
name = "pexpect"
version = "4.8.0"
description = "Pexpect allows easy control of interactive console applications."
category = "dev"
optional = false
python-versions = "*"

[package.dependencies]
ptyprocess = ">=0.5"

[[package]]
name = "pickleshare"
version = "0.7.5"
description = "Tiny 'shelve'-like database with concurrency support"
category = "dev"
optional = false
python-versions = "*"

[[package]]
name = "pillow"
version = "9.2.0"
description = "Python Imaging Library (Fork)"
category = "dev"
optional = false
python-versions = ">=3.7"

[package.extras]
docs = ["furo", "olefile", "sphinx (>=2.4)", "sphinx-copybutton", "sphinx-issues (>=3.0.1)", "sphinx-removed-in", "sphinxext-opengraph"]
tests = ["check-manifest", "coverage", "defusedxml", "markdown2", "olefile", "packaging", "pyroma", "pytest", "pytest-cov", "pytest-timeout"]

[[package]]
name = "pkginfo"
version = "1.8.3"
description = "Query metadatdata from sdists / bdists / installed packages."
category = "dev"
optional = false
python-versions = ">=2.7, !=3.0.*, !=3.1.*, !=3.2.*, !=3.3.*, !=3.4.*, !=3.5.*"

[package.extras]
testing = ["nose", "coverage"]

[[package]]
name = "platformdirs"
version = "2.5.2"
description = "A small Python module for determining appropriate platform-specific dirs, e.g. a \"user data dir\"."
category = "dev"
optional = false
python-versions = ">=3.7"

[package.extras]
docs = ["furo (>=2021.7.5b38)", "proselint (>=0.10.2)", "sphinx-autodoc-typehints (>=1.12)", "sphinx (>=4)"]
test = ["appdirs (==1.4.4)", "pytest-cov (>=2.7)", "pytest-mock (>=3.6)", "pytest (>=6)"]

[[package]]
name = "pluggy"
version = "1.0.0"
description = "plugin and hook calling mechanisms for python"
category = "dev"
optional = false
python-versions = ">=3.6"

[package.extras]
dev = ["pre-commit", "tox"]
testing = ["pytest", "pytest-benchmark"]

[[package]]
name = "prompt-toolkit"
version = "2.0.10"
description = "Library for building powerful interactive command lines in Python"
category = "dev"
optional = false
python-versions = ">=2.6, !=3.0.*, !=3.1.*, !=3.2.*"

[package.dependencies]
six = ">=1.9.0"
wcwidth = "*"

[[package]]
name = "psutil"
version = "5.9.1"
description = "Cross-platform lib for process and system monitoring in Python."
category = "dev"
optional = false
python-versions = ">=2.7, !=3.0.*, !=3.1.*, !=3.2.*, !=3.3.*"

[package.extras]
test = ["ipaddress", "mock", "enum34", "pywin32", "wmi"]

[[package]]
name = "ptpython"
version = "2.0.6"
description = "Python REPL build on top of prompt_toolkit"
category = "dev"
optional = false
python-versions = "*"

[package.dependencies]
docopt = "*"
jedi = ">=0.9.0"
prompt-toolkit = ">=2.0.8,<2.1.0"
pygments = "*"

[package.extras]
ptipython = ["ipython"]

[[package]]
name = "ptyprocess"
version = "0.7.0"
description = "Run a subprocess in a pseudo terminal"
category = "dev"
optional = false
python-versions = "*"

[[package]]
name = "pure-eval"
version = "0.2.2"
description = "Safely evaluate AST nodes without side effects"
category = "dev"
optional = false
python-versions = "*"

[package.extras]
tests = ["pytest"]

[[package]]
name = "py"
version = "1.11.0"
description = "library with cross-python path, ini-parsing, io, code, log facilities"
category = "dev"
optional = false
python-versions = ">=2.7, !=3.0.*, !=3.1.*, !=3.2.*, !=3.3.*, !=3.4.*"

[[package]]
name = "pycodestyle"
version = "2.7.0"
description = "Python style guide checker"
category = "dev"
optional = false
python-versions = ">=2.7, !=3.0.*, !=3.1.*, !=3.2.*, !=3.3.*"

[[package]]
name = "pycparser"
version = "2.21"
description = "C parser in Python"
category = "dev"
optional = false
python-versions = ">=2.7, !=3.0.*, !=3.1.*, !=3.2.*, !=3.3.*"

[[package]]
name = "pyflakes"
version = "2.3.1"
description = "passive checker of Python programs"
category = "dev"
optional = false
python-versions = ">=2.7, !=3.0.*, !=3.1.*, !=3.2.*, !=3.3.*"

[[package]]
name = "pygments"
version = "2.12.0"
description = "Pygments is a syntax highlighting package written in Python."
category = "main"
optional = false
python-versions = ">=3.6"

[[package]]
name = "pyparsing"
version = "3.0.9"
description = "pyparsing module - Classes and methods to define and execute parsing grammars"
category = "dev"
optional = false
python-versions = ">=3.6.8"

[package.extras]
diagrams = ["railroad-diagrams", "jinja2"]

[[package]]
name = "pypiwin32"
version = "223"
description = ""
category = "main"
optional = false
python-versions = "*"

[package.dependencies]
pywin32 = ">=223"

[[package]]
name = "pytest"
version = "3.10.1"
description = "pytest: simple powerful testing with Python"
category = "dev"
optional = false
python-versions = ">=2.7, !=3.0.*, !=3.1.*, !=3.2.*, !=3.3.*"

[package.dependencies]
atomicwrites = ">=1.0"
attrs = ">=17.4.0"
colorama = {version = "*", markers = "sys_platform == \"win32\""}
more-itertools = ">=4.0.0"
pluggy = ">=0.7"
py = ">=1.5.0"
six = ">=1.10.0"

[[package]]
name = "pytest-cov"
version = "2.9.0"
description = "Pytest plugin for measuring coverage."
category = "dev"
optional = false
python-versions = ">=2.7, !=3.0.*, !=3.1.*, !=3.2.*, !=3.3.*, !=3.4.*"

[package.dependencies]
coverage = ">=4.4"
pytest = ">=3.6"

[package.extras]
testing = ["fields", "hunter", "process-tests (==2.0.2)", "six", "pytest-xdist", "virtualenv"]

[[package]]
name = "pytest-runner"
version = "4.5.1"
description = "Invoke py.test as distutils command with dependency resolution"
category = "dev"
optional = false
python-versions = ">=2.7,!=3.0,!=3.1"

[package.extras]
docs = ["sphinx", "jaraco.packaging (>=3.2)", "rst.linker (>=1.9)"]
testing = ["pytest (>=2.8)", "pytest-sugar (>=0.9.1)", "collective.checkdocs", "pytest-flake8", "pytest-virtualenv"]

[[package]]
name = "python-dateutil"
version = "2.8.2"
description = "Extensions to the standard Python datetime module"
category = "dev"
optional = false
python-versions = "!=3.0.*,!=3.1.*,!=3.2.*,>=2.7"

[package.dependencies]
six = ">=1.5"

[[package]]
name = "python-slugify"
version = "6.1.2"
description = "A Python slugify application that also handles Unicode"
category = "dev"
optional = false
python-versions = ">=2.7, !=3.0.*, !=3.1.*, !=3.2.*, !=3.3.*, !=3.4.*, !=3.5.*"

[package.dependencies]
text-unidecode = ">=1.3"

[package.extras]
unidecode = ["Unidecode (>=1.1.1)"]

[[package]]
name = "pytz"
version = "2022.1"
description = "World timezone definitions, modern and historical"
category = "dev"
optional = false
python-versions = "*"

[[package]]
name = "pywin32"
version = "304"
description = "Python for Window Extensions"
category = "main"
optional = false
python-versions = "*"

[[package]]
name = "pyyaml"
version = "6.0"
description = "YAML parser and emitter for Python"
category = "dev"
optional = false
python-versions = ">=3.6"

[[package]]
name = "pyzmq"
version = "23.2.0"
description = "Python bindings for 0MQ"
category = "dev"
optional = false
python-versions = ">=3.6"

[package.dependencies]
cffi = {version = "*", markers = "implementation_name == \"pypy\""}
py = {version = "*", markers = "implementation_name == \"pypy\""}

[[package]]
name = "readme-renderer"
version = "35.0"
description = "readme_renderer is a library for rendering \"readme\" descriptions for Warehouse"
category = "dev"
optional = false
python-versions = ">=3.7"

[package.dependencies]
bleach = ">=2.1.0"
docutils = ">=0.13.1"
Pygments = ">=2.5.1"

[package.extras]
md = ["cmarkgfm (>=0.8.0)"]

[[package]]
name = "regex"
version = "2022.7.9"
description = "Alternative regular expression module, to replace re."
category = "dev"
optional = false
python-versions = ">=3.6"

[[package]]
name = "requests"
version = "2.28.1"
description = "Python HTTP for Humans."
category = "main"
optional = false
python-versions = ">=3.7, <4"

[package.dependencies]
certifi = ">=2017.4.17"
charset-normalizer = ">=2,<3"
idna = ">=2.5,<4"
urllib3 = ">=1.21.1,<1.27"

[package.extras]
socks = ["PySocks (>=1.5.6,!=1.5.7)"]
use_chardet_on_py3 = ["chardet (>=3.0.2,<6)"]

[[package]]
name = "requests-toolbelt"
version = "0.9.1"
description = "A utility belt for advanced users of python-requests"
category = "dev"
optional = false
python-versions = "*"

[package.dependencies]
requests = ">=2.0.1,<3.0.0"

[[package]]
name = "rstcheck"
version = "3.5.0"
description = "Checks syntax of reStructuredText and code blocks nested within it"
category = "dev"
optional = false
python-versions = "*"

[package.dependencies]
docutils = ">=0.7"

[[package]]
name = "sh"
version = "1.14.2"
description = "Python subprocess replacement"
category = "dev"
optional = false
python-versions = "*"

[[package]]
name = "six"
version = "1.16.0"
description = "Python 2 and 3 compatibility utilities"
category = "dev"
optional = false
python-versions = ">=2.7, !=3.0.*, !=3.1.*, !=3.2.*"

[[package]]
name = "snowballstemmer"
version = "2.2.0"
description = "This package provides 29 stemmers for 28 languages generated from Snowball algorithms."
category = "dev"
optional = false
python-versions = "*"

[[package]]
name = "sphinx"
version = "1.8.6"
description = "Python documentation generator"
category = "dev"
optional = false
python-versions = ">=2.7, !=3.0.*, !=3.1.*, !=3.2.*, !=3.3.*"

[package.dependencies]
alabaster = ">=0.7,<0.8"
babel = ">=1.3,<2.0 || >2.0"
colorama = {version = ">=0.3.5", markers = "sys_platform == \"win32\""}
docutils = ">=0.11,<0.18"
imagesize = "*"
Jinja2 = ">=2.3"
packaging = "*"
Pygments = ">=2.0"
requests = ">=2.0.0"
six = ">=1.5"
snowballstemmer = ">=1.1"
sphinxcontrib-websupport = "*"

[package.extras]
test = ["mock", "pytest", "pytest-cov", "html5lib", "flake8 (>=3.5.0)", "flake8-import-order", "enum34", "mypy", "typed-ast"]
websupport = ["sqlalchemy (>=0.9)", "whoosh (>=2.0)"]

[[package]]
name = "sphinxcontrib-serializinghtml"
version = "1.1.5"
description = "sphinxcontrib-serializinghtml is a sphinx extension which outputs \"serialized\" HTML files (json and pickle)."
category = "dev"
optional = false
python-versions = ">=3.5"

[package.extras]
lint = ["flake8", "mypy", "docutils-stubs"]
test = ["pytest"]

[[package]]
name = "sphinxcontrib-websupport"
version = "1.2.4"
description = "Sphinx API for Web Apps"
category = "dev"
optional = false
python-versions = ">=3.5"

[package.dependencies]
sphinxcontrib-serializinghtml = "*"

[package.extras]
lint = ["flake8"]
test = ["pytest", "sqlalchemy", "whoosh", "sphinx"]

[[package]]
name = "stack-data"
version = "0.3.0"
description = "Extract data from python stack frames and tracebacks for informative displays"
category = "dev"
optional = false
python-versions = "*"

[package.dependencies]
asttokens = "*"
executing = "*"
pure-eval = "*"

[package.extras]
tests = ["pytest", "typeguard", "pygments", "littleutils", "cython"]

[[package]]
name = "text-unidecode"
version = "1.3"
description = "The most basic Text::Unidecode port"
category = "dev"
optional = false
python-versions = "*"

[[package]]
name = "toml"
version = "0.10.2"
description = "Python Library for Tom's Obvious, Minimal Language"
category = "dev"
optional = false
python-versions = ">=2.6, !=3.0.*, !=3.1.*, !=3.2.*"

[[package]]
name = "tornado"
version = "6.2"
description = "Tornado is a Python web framework and asynchronous networking library, originally developed at FriendFeed."
category = "dev"
optional = false
python-versions = ">= 3.7"

[[package]]
name = "tox"
version = "3.25.1"
description = "tox is a generic virtualenv management and test command line tool"
category = "dev"
optional = false
python-versions = "!=3.0.*,!=3.1.*,!=3.2.*,!=3.3.*,!=3.4.*,>=2.7"

[package.dependencies]
colorama = {version = ">=0.4.1", markers = "platform_system == \"Windows\""}
filelock = ">=3.0.0"
packaging = ">=14"
pluggy = ">=0.12.0"
py = ">=1.4.17"
six = ">=1.14.0"
toml = ">=0.9.4"
virtualenv = ">=16.0.0,<20.0.0 || >20.0.0,<20.0.1 || >20.0.1,<20.0.2 || >20.0.2,<20.0.3 || >20.0.3,<20.0.4 || >20.0.4,<20.0.5 || >20.0.5,<20.0.6 || >20.0.6,<20.0.7 || >20.0.7"

[package.extras]
docs = ["pygments-github-lexers (>=0.0.5)", "sphinx (>=2.0.0)", "sphinxcontrib-autoprogram (>=0.1.5)", "towncrier (>=18.5.0)"]
testing = ["flaky (>=3.4.0)", "freezegun (>=0.3.11)", "pytest (>=4.0.0)", "pytest-cov (>=2.5.1)", "pytest-mock (>=1.10.0)", "pytest-randomly (>=1.0.0)", "psutil (>=5.6.1)", "pathlib2 (>=2.3.3)"]

[[package]]
name = "tqdm"
version = "4.64.0"
description = "Fast, Extensible Progress Meter"
category = "dev"
optional = false
python-versions = "!=3.0.*,!=3.1.*,!=3.2.*,!=3.3.*,>=2.7"

[package.dependencies]
colorama = {version = "*", markers = "platform_system == \"Windows\""}

[package.extras]
dev = ["py-make (>=0.1.0)", "twine", "wheel"]
notebook = ["ipywidgets (>=6)"]
slack = ["slack-sdk"]
telegram = ["requests"]

[[package]]
name = "traitlets"
version = "5.3.0"
description = ""
category = "dev"
optional = false
python-versions = ">=3.7"

[package.extras]
test = ["pre-commit", "pytest"]

[[package]]
name = "twine"
version = "1.15.0"
description = "Collection of utilities for publishing packages on PyPI"
category = "dev"
optional = false
python-versions = ">=2.7, !=3.0.*, !=3.1.*, !=3.2.*, !=3.3.*"

[package.dependencies]
pkginfo = ">=1.4.2"
readme-renderer = ">=21.0"
requests = ">=2.5.0,<2.15 || >2.15,<2.16 || >2.16"
requests-toolbelt = ">=0.8.0,<0.9.0 || >0.9.0"
tqdm = ">=4.14"

[package.extras]
keyring = ["keyring"]
with-blake2 = ["pyblake2"]

[[package]]
name = "urllib3"
version = "1.26.10"
description = "HTTP library with thread-safe connection pooling, file post, and more."
category = "main"
optional = false
python-versions = ">=2.7, !=3.0.*, !=3.1.*, !=3.2.*, !=3.3.*, !=3.4.*, !=3.5.*, <4"

[package.extras]
brotli = ["brotlicffi (>=0.8.0)", "brotli (>=1.0.9)", "brotlipy (>=0.6.0)"]
secure = ["pyOpenSSL (>=0.14)", "cryptography (>=1.3.4)", "idna (>=2.0.0)", "certifi", "ipaddress"]
socks = ["PySocks (>=1.5.6,!=1.5.7,<2.0)"]

[[package]]
name = "virtualenv"
version = "20.15.1"
description = "Virtual Python Environment builder"
category = "dev"
optional = false
python-versions = "!=3.0.*,!=3.1.*,!=3.2.*,!=3.3.*,!=3.4.*,>=2.7"

[package.dependencies]
distlib = ">=0.3.1,<1"
filelock = ">=3.2,<4"
platformdirs = ">=2,<3"
six = ">=1.9.0,<2"

[package.extras]
docs = ["proselint (>=0.10.2)", "sphinx (>=3)", "sphinx-argparse (>=0.2.5)", "sphinx-rtd-theme (>=0.4.3)", "towncrier (>=21.3)"]
testing = ["coverage (>=4)", "coverage-enable-subprocess (>=1)", "flaky (>=3)", "pytest (>=4)", "pytest-env (>=0.6.2)", "pytest-freezegun (>=0.4.1)", "pytest-mock (>=2)", "pytest-randomly (>=1)", "pytest-timeout (>=1)", "packaging (>=20.0)"]

[[package]]
name = "watchdog"
version = "0.9.0"
description = "Filesystem events monitoring"
category = "dev"
optional = false
python-versions = "*"

[package.dependencies]
argh = ">=0.24.1"
pathtools = ">=0.1.1"
PyYAML = ">=3.10"

[[package]]
name = "wcwidth"
version = "0.2.5"
description = "Measures the displayed width of unicode strings in a terminal"
category = "dev"
optional = false
python-versions = "*"

[[package]]
name = "webencodings"
version = "0.5.1"
description = "Character encoding aliases for legacy web content"
category = "dev"
optional = false
python-versions = "*"

[metadata]
lock-version = "1.1"
python-versions = ">=3.9, <4"
content-hash = "3421b60cdee160ad7af8d0c3c2e44a0840b5c5397816a177f850ad43aaaeb274"

[metadata.files]
alabaster = []
appnope = []
argh = []
arrow = []
asttokens = []
atomicwrites = []
attrs = []
babel = []
backcall = []
binaryornot = []
bleach = []
bump2version = []
certifi = []
cffi = []
chardet = []
charset-normalizer = []
click = []
colorama = []
cookiecutter = []
coverage = []
cython = []
debugpy = []
decorator = []
distlib = []
docopt = []
docutils = []
entrypoints = []
executing = []
ffpyplayer = []
filelock = []
flake8 = []
idna = []
imagesize = []
ipykernel = []
ipython = []
jedi = []
jinja2 = []
jinja2-time = []
joblib = []
jupyter-client = []
jupyter-core = []
kivy = []
"kivy-deps.angle" = []
"kivy-deps.glew" = []
"kivy-deps.sdl2" = []
kivy-garden = []
kivy-ios = []
markupsafe = []
matplotlib-inline = []
mccabe = []
more-itertools = []
nest-asyncio = []
nltk = []
numpy = []
openstep-parser = []
packaging = []
pandas = []
parso = []
pathtools = []
pbxproj = []
pexpect = []
pickleshare = []
pillow = []
pkginfo = []
platformdirs = []
pluggy = []
prompt-toolkit = []
psutil = []
ptpython = []
ptyprocess = []
pure-eval = []
py = []
pycodestyle = []
pycparser = []
pyflakes = []
pygments = []
pyparsing = []
pypiwin32 = []
pytest = []
pytest-cov = []
pytest-runner = []
python-dateutil = []
python-slugify = []
pytz = []
pywin32 = []
pyyaml = []
pyzmq = []
readme-renderer = []
regex = []
requests = []
requests-toolbelt = []
rstcheck = []
sh = []
six = []
snowballstemmer = []
sphinx = []
sphinxcontrib-serializinghtml = []
sphinxcontrib-websupport = []
stack-data = []
text-unidecode = []
toml = []
tornado = []
tox = []
tqdm = []
traitlets = []
twine = []
urllib3 = []
virtualenv = []
watchdog = []
wcwidth = []
webencodings = []
